
Microsoft Visual Studio Solution File, Format Version 12.00
# Visual Studio 14
VisualStudioVersion = 14.0.23107.0
MinimumVisualStudioVersion = 10.0.40219.1
Project("{FAE04EC0-301F-11D3-BF4B-00C04F79EFBC}") = "WallJumpPhysics", "WallJumpPhysics\WallJumpPhysics\WallJumpPhysics.csproj", "{0355EDD6-B167-4293-8F1F-186F93B8ADC3}"
EndProject
Project("{96E2B04D-8817-42C6-938A-82C39BA4D311}") = "WallJumpPhysicsContent", "WallJumpPhysics\WallJumpPhysicsContent\WallJumpPhysicsContent.contentproj", "{CDE433C7-E965-4FCE-8C4C-120C542E3588}"
EndProject
Project("{FAE04EC0-301F-11D3-BF4B-00C04F79EFBC}") = "PolyOne", "..\PolyOne\PolyOne\PolyOne.csproj", "{ED38794A-DCE7-4EE1-AF61-B9E4F7CB6099}"
EndProject
Project("{FAE04EC0-301F-11D3-BF4B-00C04F79EFBC}") = "PolyOneProcessor", "..\PolyOne\PolyOneProcessor\PolyOneProcessor.csproj", "{C87DD596-EB73-414F-871D-1048FE16C4A8}"
EndProject
Global
	GlobalSection(SolutionConfigurationPlatforms) = preSolution
		Debug|x86 = Debug|x86
		Release|x86 = Release|x86
	EndGlobalSection
	GlobalSection(ProjectConfigurationPlatforms) = postSolution
		{0355EDD6-B167-4293-8F1F-186F93B8ADC3}.Debug|x86.ActiveCfg = Debug|x86
		{0355EDD6-B167-4293-8F1F-186F93B8ADC3}.Debug|x86.Build.0 = Debug|x86
		{0355EDD6-B167-4293-8F1F-186F93B8ADC3}.Release|x86.ActiveCfg = Release|x86
		{0355EDD6-B167-4293-8F1F-186F93B8ADC3}.Release|x86.Build.0 = Release|x86
		{CDE433C7-E965-4FCE-8C4C-120C542E3588}.Debug|x86.ActiveCfg = Debug|x86
		{CDE433C7-E965-4FCE-8C4C-120C542E3588}.Release|x86.ActiveCfg = Release|x86
		{ED38794A-DCE7-4EE1-AF61-B9E4F7CB6099}.Debug|x86.ActiveCfg = Debug|x86
		{ED38794A-DCE7-4EE1-AF61-B9E4F7CB6099}.Debug|x86.Build.0 = Debug|x86
		{ED38794A-DCE7-4EE1-AF61-B9E4F7CB6099}.Release|x86.ActiveCfg = Release|x86
		{ED38794A-DCE7-4EE1-AF61-B9E4F7CB6099}.Release|x86.Build.0 = Release|x86
		{C87DD596-EB73-414F-871D-1048FE16C4A8}.Debug|x86.ActiveCfg = Debug|x86
		{C87DD596-EB73-414F-871D-1048FE16C4A8}.Debug|x86.Build.0 = Debug|x86
		{C87DD596-EB73-414F-871D-1048FE16C4A8}.Release|x86.ActiveCfg = Release|x86
		{C87DD596-EB73-414F-871D-1048FE16C4A8}.Release|x86.Build.0 = Release|x86
	EndGlobalSection
	GlobalSection(SolutionProperties) = preSolution
		HideSolutionNode = FALSE
	EndGlobalSection
EndGlobal
